
Microsoft Visual Studio Solution File, Format Version 12.00
# Visual Studio 15
VisualStudioVersion = 15.0.27130.2036
MinimumVisualStudioVersion = 10.0.40219.1
Project("{9A19103F-16F7-4668-BE54-9A1E7A4F7556}") = "Qualitico.WebApi", "Qualitico.WebApi\Qualitico.WebApi.csproj", "{24CDE44E-FB7D-4014-A46C-E1B0311E6EF2}"
EndProject
Project("{9A19103F-16F7-4668-BE54-9A1E7A4F7556}") = "Qualitico.UI", "Qualitico.UI\Qualitico.UI.csproj", "{3DBF25B4-A08C-4D6E-9F8C-D50BC4A5281E}"
EndProject
Project("{FAE04EC0-301F-11D3-BF4B-00C04F79EFBC}") = "Qualitico.Business", "Qualitico.Business\Qualitico.Business.csproj", "{6F580DFB-16F3-43B4-974C-6C317A8E8E24}"
EndProject
Project("{FAE04EC0-301F-11D3-BF4B-00C04F79EFBC}") = "Qualitico.Data", "Qualitico.Data\Qualitico.Data.csproj", "{75224CF4-0C8F-4800-8161-4F4726DCA77A}"
EndProject
Global
	GlobalSection(SolutionConfigurationPlatforms) = preSolution
		Debug|Any CPU = Debug|Any CPU
		Release|Any CPU = Release|Any CPU
	EndGlobalSection
	GlobalSection(ProjectConfigurationPlatforms) = postSolution
		{24CDE44E-FB7D-4014-A46C-E1B0311E6EF2}.Debug|Any CPU.ActiveCfg = Debug|Any CPU
		{24CDE44E-FB7D-4014-A46C-E1B0311E6EF2}.Debug|Any CPU.Build.0 = Debug|Any CPU
		{24CDE44E-FB7D-4014-A46C-E1B0311E6EF2}.Release|Any CPU.ActiveCfg = Release|Any CPU
		{24CDE44E-FB7D-4014-A46C-E1B0311E6EF2}.Release|Any CPU.Build.0 = Release|Any CPU
		{3DBF25B4-A08C-4D6E-9F8C-D50BC4A5281E}.Debug|Any CPU.ActiveCfg = Debug|Any CPU
		{3DBF25B4-A08C-4D6E-9F8C-D50BC4A5281E}.Debug|Any CPU.Build.0 = Debug|Any CPU
		{3DBF25B4-A08C-4D6E-9F8C-D50BC4A5281E}.Release|Any CPU.ActiveCfg = Release|Any CPU
		{3DBF25B4-A08C-4D6E-9F8C-D50BC4A5281E}.Release|Any CPU.Build.0 = Release|Any CPU
		{6F580DFB-16F3-43B4-974C-6C317A8E8E24}.Debug|Any CPU.ActiveCfg = Debug|Any CPU
		{6F580DFB-16F3-43B4-974C-6C317A8E8E24}.Debug|Any CPU.Build.0 = Debug|Any CPU
		{6F580DFB-16F3-43B4-974C-6C317A8E8E24}.Release|Any CPU.ActiveCfg = Release|Any CPU
		{6F580DFB-16F3-43B4-974C-6C317A8E8E24}.Release|Any CPU.Build.0 = Release|Any CPU
		{75224CF4-0C8F-4800-8161-4F4726DCA77A}.Debug|Any CPU.ActiveCfg = Debug|Any CPU
		{75224CF4-0C8F-4800-8161-4F4726DCA77A}.Debug|Any CPU.Build.0 = Debug|Any CPU
		{75224CF4-0C8F-4800-8161-4F4726DCA77A}.Release|Any CPU.ActiveCfg = Release|Any CPU
		{75224CF4-0C8F-4800-8161-4F4726DCA77A}.Release|Any CPU.Build.0 = Release|Any CPU
	EndGlobalSection
	GlobalSection(SolutionProperties) = preSolution
		HideSolutionNode = FALSE
	EndGlobalSection
	GlobalSection(ExtensibilityGlobals) = postSolution
		SolutionGuid = {FD08D901-AC48-41A0-8FE3-1B4860A1A300}
	EndGlobalSection
EndGlobal
